// !$*UTF8*$!
{
	archiveVersion = 1;
	classes = {
	};
	objectVersion = 52;
	objects = {

/* Begin PBXBuildFile section */
		0605B34525FA4D3200BAAA9B /* EarthSurfaceNode.swift in Sources */ = {isa = PBXBuildFile; fileRef = 0605B34425FA4D3200BAAA9B /* EarthSurfaceNode.swift */; };
		0605B34825FA596700BAAA9B /* EarthShader.metal in Sources */ = {isa = PBXBuildFile; fileRef = 0605B34725FA596700BAAA9B /* EarthShader.metal */; };
		0605B34B25FA5ABF00BAAA9B /* MTLDeviceExtensions.swift in Sources */ = {isa = PBXBuildFile; fileRef = 0605B34A25FA5ABF00BAAA9B /* MTLDeviceExtensions.swift */; };
		0605B34F25FA662600BAAA9B /* MapCamera.swift in Sources */ = {isa = PBXBuildFile; fileRef = 0605B34E25FA662600BAAA9B /* MapCamera.swift */; };
		0605B35225FB967800BAAA9B /* Bernburg GEWI.gpx in Resources */ = {isa = PBXBuildFile; fileRef = 0605B35125FB967800BAAA9B /* Bernburg GEWI.gpx */; };
		0605B35725FB994B00BAAA9B /* UserLocationManager.swift in Sources */ = {isa = PBXBuildFile; fileRef = 0605B35625FB994B00BAAA9B /* UserLocationManager.swift */; };
		0605B35A25FB9DE600BAAA9B /* MapKit.framework in Frameworks */ = {isa = PBXBuildFile; fileRef = 0605B35925FB9DE600BAAA9B /* MapKit.framework */; };
		0605B35C25FB9E0700BAAA9B /* ExternalAccessory.framework in Frameworks */ = {isa = PBXBuildFile; fileRef = 0605B35B25FB9E0700BAAA9B /* ExternalAccessory.framework */; };
		0605B36726009ED100BAAA9B /* Node.swift in Sources */ = {isa = PBXBuildFile; fileRef = 0605B36626009ED100BAAA9B /* Node.swift */; };
		0605B36A2600A7AA00BAAA9B /* SimdExtensions.swift in Sources */ = {isa = PBXBuildFile; fileRef = 0605B3692600A7AA00BAAA9B /* SimdExtensions.swift */; };
		0605B36E26024CAA00BAAA9B /* Ray.swift in Sources */ = {isa = PBXBuildFile; fileRef = 0605B36D26024CAA00BAAA9B /* Ray.swift */; };
		0605B37126024D4600BAAA9B /* MapPlane.swift in Sources */ = {isa = PBXBuildFile; fileRef = 0605B37026024D4600BAAA9B /* MapPlane.swift */; };
		0605B3742604DE4A00BAAA9B /* Animatable.swift in Sources */ = {isa = PBXBuildFile; fileRef = 0605B3732604DE4A00BAAA9B /* Animatable.swift */; };
		0647EFBD26428E14004BEB23 /* MainView.swift in Sources */ = {isa = PBXBuildFile; fileRef = 0647EFBC26428E14004BEB23 /* MainView.swift */; };
		0666951525F8C160000202F6 /* MapTiles in Frameworks */ = {isa = PBXBuildFile; productRef = 0666951425F8C160000202F6 /* MapTiles */; };
		0666951925F8C1A2000202F6 /* MapTiles in Frameworks */ = {isa = PBXBuildFile; productRef = 0666951825F8C1A2000202F6 /* MapTiles */; };
		0666951D25F8C7D8000202F6 /* Gzip in Frameworks */ = {isa = PBXBuildFile; productRef = 0666951C25F8C7D8000202F6 /* Gzip */; };
		0670F7D325EE75CE004F1DF0 /* MapPlusAppApp.swift in Sources */ = {isa = PBXBuildFile; fileRef = 0670F7D225EE75CE004F1DF0 /* MapPlusAppApp.swift */; };
		0670F7D725EE75CF004F1DF0 /* Assets.xcassets in Resources */ = {isa = PBXBuildFile; fileRef = 0670F7D625EE75CF004F1DF0 /* Assets.xcassets */; };
		0670F7DA25EE75CF004F1DF0 /* Preview Assets.xcassets in Resources */ = {isa = PBXBuildFile; fileRef = 0670F7D925EE75CF004F1DF0 /* Preview Assets.xcassets */; };
		0670F7E825EE769A004F1DF0 /* MetalView.swift in Sources */ = {isa = PBXBuildFile; fileRef = 0670F7E725EE769A004F1DF0 /* MetalView.swift */; };
		0670F7EC25EE7B7F004F1DF0 /* MetalRenderer.swift in Sources */ = {isa = PBXBuildFile; fileRef = 0670F7EB25EE7B7F004F1DF0 /* MetalRenderer.swift */; };
		0670F7EF25EE7CF1004F1DF0 /* MetalRenderNode.swift in Sources */ = {isa = PBXBuildFile; fileRef = 0670F7EE25EE7CF1004F1DF0 /* MetalRenderNode.swift */; };
		06994D70260CC66C00D8FB6B /* AreaFillRenderNode.swift in Sources */ = {isa = PBXBuildFile; fileRef = 06994D6F260CC66C00D8FB6B /* AreaFillRenderNode.swift */; };
		06994D742613189300D8FB6B /* AreaFillShader.metal in Sources */ = {isa = PBXBuildFile; fileRef = 06994D732613189300D8FB6B /* AreaFillShader.metal */; };
		06A78EC8263C358C00D9BF09 /* ColorValue.swift in Sources */ = {isa = PBXBuildFile; fileRef = 06A78EC7263C358C00D9BF09 /* ColorValue.swift */; };
		06B960BC2642D8F9006E3BC4 /* ListView.swift in Sources */ = {isa = PBXBuildFile; fileRef = 06B960BB2642D8F9006E3BC4 /* ListView.swift */; };
		06B960C02642DA83006E3BC4 /* ListItemView.swift in Sources */ = {isa = PBXBuildFile; fileRef = 06B960BF2642DA83006E3BC4 /* ListItemView.swift */; };
		06B960C2264562BB006E3BC4 /* ViewExtension.swift in Sources */ = {isa = PBXBuildFile; fileRef = 06B960C1264562BB006E3BC4 /* ViewExtension.swift */; };
		06BC1684262EBC5500A30618 /* VisualEffectView.swift in Sources */ = {isa = PBXBuildFile; fileRef = 06BC1683262EBC5500A30618 /* VisualEffectView.swift */; };
		06CB10AF26246851007B2488 /* TestNode.swift in Sources */ = {isa = PBXBuildFile; fileRef = 06CB10AE26246851007B2488 /* TestNode.swift */; };
		06F4B928263933F700AD8C0A /* ViewRectangleRenderNode.swift in Sources */ = {isa = PBXBuildFile; fileRef = 06F4B927263933F700AD8C0A /* ViewRectangleRenderNode.swift */; };
		06F8417925F26489003F58D6 /* TriangleShader.metal in Sources */ = {isa = PBXBuildFile; fileRef = 06F8417825F26489003F58D6 /* TriangleShader.metal */; };
		06F8417D25F26B60003F58D6 /* MathLibrary.swift in Sources */ = {isa = PBXBuildFile; fileRef = 06F8417C25F26B60003F58D6 /* MathLibrary.swift */; };
/* End PBXBuildFile section */

/* Begin PBXFileReference section */
		0605B34425FA4D3200BAAA9B /* EarthSurfaceNode.swift */ = {isa = PBXFileReference; lastKnownFileType = sourcecode.swift; path = EarthSurfaceNode.swift; sourceTree = "<group>"; };
		0605B34725FA596700BAAA9B /* EarthShader.metal */ = {isa = PBXFileReference; lastKnownFileType = sourcecode.metal; path = EarthShader.metal; sourceTree = "<group>"; };
		0605B34A25FA5ABF00BAAA9B /* MTLDeviceExtensions.swift */ = {isa = PBXFileReference; lastKnownFileType = sourcecode.swift; path = MTLDeviceExtensions.swift; sourceTree = "<group>"; };
		0605B34E25FA662600BAAA9B /* MapCamera.swift */ = {isa = PBXFileReference; lastKnownFileType = sourcecode.swift; path = MapCamera.swift; sourceTree = "<group>"; };
		0605B35125FB967800BAAA9B /* Bernburg GEWI.gpx */ = {isa = PBXFileReference; fileEncoding = 4; lastKnownFileType = text.xml; path = "Bernburg GEWI.gpx"; sourceTree = "<group>"; };
		0605B35425FB97EA00BAAA9B /* MapPlusApp.entitlements */ = {isa = PBXFileReference; lastKnownFileType = text.plist.entitlements; path = MapPlusApp.entitlements; sourceTree = "<group>"; };
		0605B35625FB994B00BAAA9B /* UserLocationManager.swift */ = {isa = PBXFileReference; lastKnownFileType = sourcecode.swift; path = UserLocationManager.swift; sourceTree = "<group>"; };
		0605B35925FB9DE600BAAA9B /* MapKit.framework */ = {isa = PBXFileReference; lastKnownFileType = wrapper.framework; name = MapKit.framework; path = System/Library/Frameworks/MapKit.framework; sourceTree = SDKROOT; };
		0605B35B25FB9E0700BAAA9B /* ExternalAccessory.framework */ = {isa = PBXFileReference; lastKnownFileType = wrapper.framework; name = ExternalAccessory.framework; path = System/Library/Frameworks/ExternalAccessory.framework; sourceTree = SDKROOT; };
		0605B36626009ED100BAAA9B /* Node.swift */ = {isa = PBXFileReference; fileEncoding = 4; lastKnownFileType = sourcecode.swift; path = Node.swift; sourceTree = "<group>"; };
		0605B3692600A7AA00BAAA9B /* SimdExtensions.swift */ = {isa = PBXFileReference; lastKnownFileType = sourcecode.swift; path = SimdExtensions.swift; sourceTree = "<group>"; };
		0605B36D26024CAA00BAAA9B /* Ray.swift */ = {isa = PBXFileReference; lastKnownFileType = sourcecode.swift; path = Ray.swift; sourceTree = "<group>"; };
		0605B37026024D4600BAAA9B /* MapPlane.swift */ = {isa = PBXFileReference; lastKnownFileType = sourcecode.swift; path = MapPlane.swift; sourceTree = "<group>"; };
		0605B3732604DE4A00BAAA9B /* Animatable.swift */ = {isa = PBXFileReference; lastKnownFileType = sourcecode.swift; path = Animatable.swift; sourceTree = "<group>"; };
		0647EFBC26428E14004BEB23 /* MainView.swift */ = {isa = PBXFileReference; fileEncoding = 4; lastKnownFileType = sourcecode.swift; path = MainView.swift; sourceTree = "<group>"; };
		0670F7CF25EE75CE004F1DF0 /* MapPlusApp.app */ = {isa = PBXFileReference; explicitFileType = wrapper.application; includeInIndex = 0; path = MapPlusApp.app; sourceTree = BUILT_PRODUCTS_DIR; };
		0670F7D225EE75CE004F1DF0 /* MapPlusAppApp.swift */ = {isa = PBXFileReference; lastKnownFileType = sourcecode.swift; path = MapPlusAppApp.swift; sourceTree = "<group>"; };
		0670F7D625EE75CF004F1DF0 /* Assets.xcassets */ = {isa = PBXFileReference; lastKnownFileType = folder.assetcatalog; path = Assets.xcassets; sourceTree = "<group>"; };
		0670F7D925EE75CF004F1DF0 /* Preview Assets.xcassets */ = {isa = PBXFileReference; lastKnownFileType = folder.assetcatalog; path = "Preview Assets.xcassets"; sourceTree = "<group>"; };
		0670F7DB25EE75CF004F1DF0 /* Info.plist */ = {isa = PBXFileReference; lastKnownFileType = text.plist.xml; path = Info.plist; sourceTree = "<group>"; };
		0670F7E725EE769A004F1DF0 /* MetalView.swift */ = {isa = PBXFileReference; lastKnownFileType = sourcecode.swift; path = MetalView.swift; sourceTree = "<group>"; };
		0670F7EB25EE7B7F004F1DF0 /* MetalRenderer.swift */ = {isa = PBXFileReference; lastKnownFileType = sourcecode.swift; path = MetalRenderer.swift; sourceTree = "<group>"; };
		0670F7EE25EE7CF1004F1DF0 /* MetalRenderNode.swift */ = {isa = PBXFileReference; lastKnownFileType = sourcecode.swift; path = MetalRenderNode.swift; sourceTree = "<group>"; };
		06994D6F260CC66C00D8FB6B /* AreaFillRenderNode.swift */ = {isa = PBXFileReference; lastKnownFileType = sourcecode.swift; path = AreaFillRenderNode.swift; sourceTree = "<group>"; };
		06994D732613189300D8FB6B /* AreaFillShader.metal */ = {isa = PBXFileReference; lastKnownFileType = sourcecode.metal; path = AreaFillShader.metal; sourceTree = "<group>"; };
		06A78EC7263C358C00D9BF09 /* ColorValue.swift */ = {isa = PBXFileReference; lastKnownFileType = sourcecode.swift; path = ColorValue.swift; sourceTree = "<group>"; };
		06B960BB2642D8F9006E3BC4 /* ListView.swift */ = {isa = PBXFileReference; lastKnownFileType = sourcecode.swift; path = ListView.swift; sourceTree = "<group>"; };
		06B960BF2642DA83006E3BC4 /* ListItemView.swift */ = {isa = PBXFileReference; lastKnownFileType = sourcecode.swift; path = ListItemView.swift; sourceTree = "<group>"; };
		06B960C1264562BB006E3BC4 /* ViewExtension.swift */ = {isa = PBXFileReference; lastKnownFileType = sourcecode.swift; path = ViewExtension.swift; sourceTree = "<group>"; };
		06BC1683262EBC5500A30618 /* VisualEffectView.swift */ = {isa = PBXFileReference; lastKnownFileType = sourcecode.swift; path = VisualEffectView.swift; sourceTree = "<group>"; };
		06CB10AE26246851007B2488 /* TestNode.swift */ = {isa = PBXFileReference; lastKnownFileType = sourcecode.swift; path = TestNode.swift; sourceTree = "<group>"; };
		06F4B927263933F700AD8C0A /* ViewRectangleRenderNode.swift */ = {isa = PBXFileReference; lastKnownFileType = sourcecode.swift; path = ViewRectangleRenderNode.swift; sourceTree = "<group>"; };
		06F8417825F26489003F58D6 /* TriangleShader.metal */ = {isa = PBXFileReference; lastKnownFileType = sourcecode.metal; path = TriangleShader.metal; sourceTree = "<group>"; };
		06F8417C25F26B60003F58D6 /* MathLibrary.swift */ = {isa = PBXFileReference; fileEncoding = 4; lastKnownFileType = sourcecode.swift; path = MathLibrary.swift; sourceTree = "<group>"; };
/* End PBXFileReference section */

/* Begin PBXFrameworksBuildPhase section */
		0670F7CC25EE75CE004F1DF0 /* Frameworks */ = {
			isa = PBXFrameworksBuildPhase;
			buildActionMask = 2147483647;
			files = (
				0666951525F8C160000202F6 /* MapTiles in Frameworks */,
				0605B35C25FB9E0700BAAA9B /* ExternalAccessory.framework in Frameworks */,
				0666951925F8C1A2000202F6 /* MapTiles in Frameworks */,
				0605B35A25FB9DE600BAAA9B /* MapKit.framework in Frameworks */,
				0666951D25F8C7D8000202F6 /* Gzip in Frameworks */,
			);
			runOnlyForDeploymentPostprocessing = 0;
		};
/* End PBXFrameworksBuildPhase section */

/* Begin PBXGroup section */
		0666951325F8C160000202F6 /* Frameworks */ = {
			isa = PBXGroup;
			children = (
				0605B35B25FB9E0700BAAA9B /* ExternalAccessory.framework */,
				0605B35925FB9DE600BAAA9B /* MapKit.framework */,
			);
			name = Frameworks;
			sourceTree = "<group>";
		};
		0670F7C625EE75CE004F1DF0 = {
			isa = PBXGroup;
			children = (
				0670F7D125EE75CE004F1DF0 /* MapPlusApp */,
				0670F7D025EE75CE004F1DF0 /* Products */,
				0666951325F8C160000202F6 /* Frameworks */,
			);
			sourceTree = "<group>";
		};
		0670F7D025EE75CE004F1DF0 /* Products */ = {
			isa = PBXGroup;
			children = (
				0670F7CF25EE75CE004F1DF0 /* MapPlusApp.app */,
			);
			name = Products;
			sourceTree = "<group>";
		};
		0670F7D125EE75CE004F1DF0 /* MapPlusApp */ = {
			isa = PBXGroup;
			children = (
				0605B35425FB97EA00BAAA9B /* MapPlusApp.entitlements */,
				06F8417725F26451003F58D6 /* Shader */,
				0670F7E625EE767D004F1DF0 /* MapRenderer */,
				0670F7D225EE75CE004F1DF0 /* MapPlusAppApp.swift */,
				0670F7D625EE75CF004F1DF0 /* Assets.xcassets */,
				0670F7DB25EE75CF004F1DF0 /* Info.plist */,
				0670F7D825EE75CF004F1DF0 /* Preview Content */,
				0605B35125FB967800BAAA9B /* Bernburg GEWI.gpx */,
				06B960BB2642D8F9006E3BC4 /* ListView.swift */,
				06B960BF2642DA83006E3BC4 /* ListItemView.swift */,
				06B960C1264562BB006E3BC4 /* ViewExtension.swift */,
				0605B35625FB994B00BAAA9B /* UserLocationManager.swift */,
				0647EFBC26428E14004BEB23 /* MainView.swift */,
				06BC1683262EBC5500A30618 /* VisualEffectView.swift */,
				06A78EC7263C358C00D9BF09 /* ColorValue.swift */,
			);
			path = MapPlusApp;
			sourceTree = "<group>";
		};
		0670F7D825EE75CF004F1DF0 /* Preview Content */ = {
			isa = PBXGroup;
			children = (
				0670F7D925EE75CF004F1DF0 /* Preview Assets.xcassets */,
			);
			path = "Preview Content";
			sourceTree = "<group>";
		};
		0670F7E625EE767D004F1DF0 /* MapRenderer */ = {
			isa = PBXGroup;
			children = (
				06994D6E260CC64700D8FB6B /* RenderNodes */,
				06F8417C25F26B60003F58D6 /* MathLibrary.swift */,
				0670F7E725EE769A004F1DF0 /* MetalView.swift */,
				0670F7EB25EE7B7F004F1DF0 /* MetalRenderer.swift */,
				0670F7EE25EE7CF1004F1DF0 /* MetalRenderNode.swift */,
				0605B36626009ED100BAAA9B /* Node.swift */,
				0605B34425FA4D3200BAAA9B /* EarthSurfaceNode.swift */,
				0605B34A25FA5ABF00BAAA9B /* MTLDeviceExtensions.swift */,
				0605B3692600A7AA00BAAA9B /* SimdExtensions.swift */,
				0605B34E25FA662600BAAA9B /* MapCamera.swift */,
				0605B36D26024CAA00BAAA9B /* Ray.swift */,
				0605B37026024D4600BAAA9B /* MapPlane.swift */,
				0605B3732604DE4A00BAAA9B /* Animatable.swift */,
			);
			path = MapRenderer;
			sourceTree = "<group>";
		};
		06994D6E260CC64700D8FB6B /* RenderNodes */ = {
			isa = PBXGroup;
			children = (
				06994D6F260CC66C00D8FB6B /* AreaFillRenderNode.swift */,
				06CB10AE26246851007B2488 /* TestNode.swift */,
				06F4B927263933F700AD8C0A /* ViewRectangleRenderNode.swift */,
			);
			path = RenderNodes;
			sourceTree = "<group>";
		};
		06F8417725F26451003F58D6 /* Shader */ = {
			isa = PBXGroup;
			children = (
				06F8417825F26489003F58D6 /* TriangleShader.metal */,
				0605B34725FA596700BAAA9B /* EarthShader.metal */,
				06994D732613189300D8FB6B /* AreaFillShader.metal */,
			);
			path = Shader;
			sourceTree = "<group>";
		};
/* End PBXGroup section */

/* Begin PBXNativeTarget section */
		0670F7CE25EE75CE004F1DF0 /* MapPlusApp */ = {
			isa = PBXNativeTarget;
			buildConfigurationList = 0670F7DE25EE75CF004F1DF0 /* Build configuration list for PBXNativeTarget "MapPlusApp" */;
			buildPhases = (
				0670F7CB25EE75CE004F1DF0 /* Sources */,
				0670F7CC25EE75CE004F1DF0 /* Frameworks */,
				0670F7CD25EE75CE004F1DF0 /* Resources */,
			);
			buildRules = (
			);
			dependencies = (
			);
			name = MapPlusApp;
			packageProductDependencies = (
				0666951425F8C160000202F6 /* MapTiles */,
				0666951825F8C1A2000202F6 /* MapTiles */,
				0666951C25F8C7D8000202F6 /* Gzip */,
			);
			productName = MapPlusApp;
			productReference = 0670F7CF25EE75CE004F1DF0 /* MapPlusApp.app */;
			productType = "com.apple.product-type.application";
		};
/* End PBXNativeTarget section */

/* Begin PBXProject section */
		0670F7C725EE75CE004F1DF0 /* Project object */ = {
			isa = PBXProject;
			attributes = {
				LastSwiftUpdateCheck = 1240;
				LastUpgradeCheck = 1240;
				TargetAttributes = {
					0670F7CE25EE75CE004F1DF0 = {
						CreatedOnToolsVersion = 12.4;
					};
				};
			};
			buildConfigurationList = 0670F7CA25EE75CE004F1DF0 /* Build configuration list for PBXProject "MapPlusApp" */;
			compatibilityVersion = "Xcode 9.3";
			developmentRegion = en;
			hasScannedForEncodings = 0;
			knownRegions = (
				en,
				Base,
			);
			mainGroup = 0670F7C625EE75CE004F1DF0;
			packageReferences = (
				0666951725F8C1A2000202F6 /* XCRemoteSwiftPackageReference "MapTiles" */,
				0666951B25F8C7D8000202F6 /* XCRemoteSwiftPackageReference "GzipSwift" */,
			);
			productRefGroup = 0670F7D025EE75CE004F1DF0 /* Products */;
			projectDirPath = "";
			projectRoot = "";
			targets = (
				0670F7CE25EE75CE004F1DF0 /* MapPlusApp */,
			);
		};
/* End PBXProject section */

/* Begin PBXResourcesBuildPhase section */
		0670F7CD25EE75CE004F1DF0 /* Resources */ = {
			isa = PBXResourcesBuildPhase;
			buildActionMask = 2147483647;
			files = (
				0605B35225FB967800BAAA9B /* Bernburg GEWI.gpx in Resources */,
				0670F7DA25EE75CF004F1DF0 /* Preview Assets.xcassets in Resources */,
				0670F7D725EE75CF004F1DF0 /* Assets.xcassets in Resources */,
			);
			runOnlyForDeploymentPostprocessing = 0;
		};
/* End PBXResourcesBuildPhase section */

/* Begin PBXSourcesBuildPhase section */
		0670F7CB25EE75CE004F1DF0 /* Sources */ = {
			isa = PBXSourcesBuildPhase;
			buildActionMask = 2147483647;
			files = (
				0670F7EC25EE7B7F004F1DF0 /* MetalRenderer.swift in Sources */,
				06B960C02642DA83006E3BC4 /* ListItemView.swift in Sources */,
				0647EFBD26428E14004BEB23 /* MainView.swift in Sources */,
				0605B3742604DE4A00BAAA9B /* Animatable.swift in Sources */,
				06BC1684262EBC5500A30618 /* VisualEffectView.swift in Sources */,
				0670F7E825EE769A004F1DF0 /* MetalView.swift in Sources */,
				0605B34525FA4D3200BAAA9B /* EarthSurfaceNode.swift in Sources */,
				0670F7D325EE75CE004F1DF0 /* MapPlusAppApp.swift in Sources */,
				0605B35725FB994B00BAAA9B /* UserLocationManager.swift in Sources */,
				06B960BC2642D8F9006E3BC4 /* ListView.swift in Sources */,
				06F8417D25F26B60003F58D6 /* MathLibrary.swift in Sources */,
				06994D70260CC66C00D8FB6B /* AreaFillRenderNode.swift in Sources */,
				06B960C2264562BB006E3BC4 /* ViewExtension.swift in Sources */,
				06F8417925F26489003F58D6 /* TriangleShader.metal in Sources */,
				0605B34F25FA662600BAAA9B /* MapCamera.swift in Sources */,
				0605B36726009ED100BAAA9B /* Node.swift in Sources */,
				06994D742613189300D8FB6B /* AreaFillShader.metal in Sources */,
				0605B34825FA596700BAAA9B /* EarthShader.metal in Sources */,
				0605B36A2600A7AA00BAAA9B /* SimdExtensions.swift in Sources */,
				0670F7EF25EE7CF1004F1DF0 /* MetalRenderNode.swift in Sources */,
				06CB10AF26246851007B2488 /* TestNode.swift in Sources */,
				06F4B928263933F700AD8C0A /* ViewRectangleRenderNode.swift in Sources */,
				0605B37126024D4600BAAA9B /* MapPlane.swift in Sources */,
				06A78EC8263C358C00D9BF09 /* ColorValue.swift in Sources */,
				0605B36E26024CAA00BAAA9B /* Ray.swift in Sources */,
				0605B34B25FA5ABF00BAAA9B /* MTLDeviceExtensions.swift in Sources */,
			);
			runOnlyForDeploymentPostprocessing = 0;
		};
/* End PBXSourcesBuildPhase section */

/* Begin XCBuildConfiguration section */
		0670F7DC25EE75CF004F1DF0 /* Debug */ = {
			isa = XCBuildConfiguration;
			buildSettings = {
				ALWAYS_SEARCH_USER_PATHS = NO;
				CLANG_ANALYZER_NONNULL = YES;
				CLANG_ANALYZER_NUMBER_OBJECT_CONVERSION = YES_AGGRESSIVE;
				CLANG_CXX_LANGUAGE_STANDARD = "gnu++14";
				CLANG_CXX_LIBRARY = "libc++";
				CLANG_ENABLE_MODULES = YES;
				CLANG_ENABLE_OBJC_ARC = YES;
				CLANG_ENABLE_OBJC_WEAK = YES;
				CLANG_WARN_BLOCK_CAPTURE_AUTORELEASING = YES;
				CLANG_WARN_BOOL_CONVERSION = YES;
				CLANG_WARN_COMMA = YES;
				CLANG_WARN_CONSTANT_CONVERSION = YES;
				CLANG_WARN_DEPRECATED_OBJC_IMPLEMENTATIONS = YES;
				CLANG_WARN_DIRECT_OBJC_ISA_USAGE = YES_ERROR;
				CLANG_WARN_DOCUMENTATION_COMMENTS = YES;
				CLANG_WARN_EMPTY_BODY = YES;
				CLANG_WARN_ENUM_CONVERSION = YES;
				CLANG_WARN_INFINITE_RECURSION = YES;
				CLANG_WARN_INT_CONVERSION = YES;
				CLANG_WARN_NON_LITERAL_NULL_CONVERSION = YES;
				CLANG_WARN_OBJC_IMPLICIT_RETAIN_SELF = YES;
				CLANG_WARN_OBJC_LITERAL_CONVERSION = YES;
				CLANG_WARN_OBJC_ROOT_CLASS = YES_ERROR;
				CLANG_WARN_QUOTED_INCLUDE_IN_FRAMEWORK_HEADER = YES;
				CLANG_WARN_RANGE_LOOP_ANALYSIS = YES;
				CLANG_WARN_STRICT_PROTOTYPES = YES;
				CLANG_WARN_SUSPICIOUS_MOVE = YES;
				CLANG_WARN_UNGUARDED_AVAILABILITY = YES_AGGRESSIVE;
				CLANG_WARN_UNREACHABLE_CODE = YES;
				CLANG_WARN__DUPLICATE_METHOD_MATCH = YES;
				COPY_PHASE_STRIP = NO;
				DEBUG_INFORMATION_FORMAT = dwarf;
				ENABLE_STRICT_OBJC_MSGSEND = YES;
				ENABLE_TESTABILITY = YES;
				GCC_C_LANGUAGE_STANDARD = gnu11;
				GCC_DYNAMIC_NO_PIC = NO;
				GCC_NO_COMMON_BLOCKS = YES;
				GCC_OPTIMIZATION_LEVEL = 0;
				GCC_PREPROCESSOR_DEFINITIONS = (
					"DEBUG=1",
					"$(inherited)",
				);
				GCC_WARN_64_TO_32_BIT_CONVERSION = YES;
				GCC_WARN_ABOUT_RETURN_TYPE = YES_ERROR;
				GCC_WARN_UNDECLARED_SELECTOR = YES;
				GCC_WARN_UNINITIALIZED_AUTOS = YES_AGGRESSIVE;
				GCC_WARN_UNUSED_FUNCTION = YES;
				GCC_WARN_UNUSED_VARIABLE = YES;
				IPHONEOS_DEPLOYMENT_TARGET = 14.4;
				MTL_ENABLE_DEBUG_INFO = INCLUDE_SOURCE;
				MTL_FAST_MATH = YES;
				ONLY_ACTIVE_ARCH = YES;
				SDKROOT = iphoneos;
				SWIFT_ACTIVE_COMPILATION_CONDITIONS = DEBUG;
				SWIFT_OPTIMIZATION_LEVEL = "-Onone";
			};
			name = Debug;
		};
		0670F7DD25EE75CF004F1DF0 /* Release */ = {
			isa = XCBuildConfiguration;
			buildSettings = {
				ALWAYS_SEARCH_USER_PATHS = NO;
				CLANG_ANALYZER_NONNULL = YES;
				CLANG_ANALYZER_NUMBER_OBJECT_CONVERSION = YES_AGGRESSIVE;
				CLANG_CXX_LANGUAGE_STANDARD = "gnu++14";
				CLANG_CXX_LIBRARY = "libc++";
				CLANG_ENABLE_MODULES = YES;
				CLANG_ENABLE_OBJC_ARC = YES;
				CLANG_ENABLE_OBJC_WEAK = YES;
				CLANG_WARN_BLOCK_CAPTURE_AUTORELEASING = YES;
				CLANG_WARN_BOOL_CONVERSION = YES;
				CLANG_WARN_COMMA = YES;
				CLANG_WARN_CONSTANT_CONVERSION = YES;
				CLANG_WARN_DEPRECATED_OBJC_IMPLEMENTATIONS = YES;
				CLANG_WARN_DIRECT_OBJC_ISA_USAGE = YES_ERROR;
				CLANG_WARN_DOCUMENTATION_COMMENTS = YES;
				CLANG_WARN_EMPTY_BODY = YES;
				CLANG_WARN_ENUM_CONVERSION = YES;
				CLANG_WARN_INFINITE_RECURSION = YES;
				CLANG_WARN_INT_CONVERSION = YES;
				CLANG_WARN_NON_LITERAL_NULL_CONVERSION = YES;
				CLANG_WARN_OBJC_IMPLICIT_RETAIN_SELF = YES;
				CLANG_WARN_OBJC_LITERAL_CONVERSION = YES;
				CLANG_WARN_OBJC_ROOT_CLASS = YES_ERROR;
				CLANG_WARN_QUOTED_INCLUDE_IN_FRAMEWORK_HEADER = YES;
				CLANG_WARN_RANGE_LOOP_ANALYSIS = YES;
				CLANG_WARN_STRICT_PROTOTYPES = YES;
				CLANG_WARN_SUSPICIOUS_MOVE = YES;
				CLANG_WARN_UNGUARDED_AVAILABILITY = YES_AGGRESSIVE;
				CLANG_WARN_UNREACHABLE_CODE = YES;
				CLANG_WARN__DUPLICATE_METHOD_MATCH = YES;
				COPY_PHASE_STRIP = NO;
				DEBUG_INFORMATION_FORMAT = "dwarf-with-dsym";
				ENABLE_NS_ASSERTIONS = NO;
				ENABLE_STRICT_OBJC_MSGSEND = YES;
				GCC_C_LANGUAGE_STANDARD = gnu11;
				GCC_NO_COMMON_BLOCKS = YES;
				GCC_WARN_64_TO_32_BIT_CONVERSION = YES;
				GCC_WARN_ABOUT_RETURN_TYPE = YES_ERROR;
				GCC_WARN_UNDECLARED_SELECTOR = YES;
				GCC_WARN_UNINITIALIZED_AUTOS = YES_AGGRESSIVE;
				GCC_WARN_UNUSED_FUNCTION = YES;
				GCC_WARN_UNUSED_VARIABLE = YES;
				IPHONEOS_DEPLOYMENT_TARGET = 14.4;
				MTL_ENABLE_DEBUG_INFO = NO;
				MTL_FAST_MATH = YES;
				SDKROOT = iphoneos;
				SWIFT_COMPILATION_MODE = wholemodule;
				SWIFT_OPTIMIZATION_LEVEL = "-O";
				VALIDATE_PRODUCT = YES;
			};
			name = Release;
		};
		0670F7DF25EE75CF004F1DF0 /* Debug */ = {
			isa = XCBuildConfiguration;
			buildSettings = {
				ASSETCATALOG_COMPILER_APPICON_NAME = AppIcon;
				ASSETCATALOG_COMPILER_GLOBAL_ACCENT_COLOR_NAME = AccentColor;
				CODE_SIGN_ENTITLEMENTS = MapPlusApp/MapPlusApp.entitlements;
				CODE_SIGN_STYLE = Automatic;
				DEVELOPMENT_ASSET_PATHS = "\"MapPlusApp/Preview Content\"";
				DEVELOPMENT_TEAM = LSG8H5BU4X;
				ENABLE_PREVIEWS = YES;
				INFOPLIST_FILE = MapPlusApp/Info.plist;
				IPHONEOS_DEPLOYMENT_TARGET = 14.0;
				LD_RUNPATH_SEARCH_PATHS = (
					"$(inherited)",
					"@executable_path/Frameworks",
				);
				PRODUCT_BUNDLE_IDENTIFIER = com.gewi.MapPlusApp;
				PRODUCT_NAME = "$(TARGET_NAME)";
				SWIFT_VERSION = 5.0;
				TARGETED_DEVICE_FAMILY = "1,2";
			};
			name = Debug;
		};
		0670F7E025EE75CF004F1DF0 /* Release */ = {
			isa = XCBuildConfiguration;
			buildSettings = {
				ASSETCATALOG_COMPILER_APPICON_NAME = AppIcon;
				ASSETCATALOG_COMPILER_GLOBAL_ACCENT_COLOR_NAME = AccentColor;
				CODE_SIGN_ENTITLEMENTS = MapPlusApp/MapPlusApp.entitlements;
				CODE_SIGN_STYLE = Automatic;
				DEVELOPMENT_ASSET_PATHS = "\"MapPlusApp/Preview Content\"";
				DEVELOPMENT_TEAM = LSG8H5BU4X;
				ENABLE_PREVIEWS = YES;
				INFOPLIST_FILE = MapPlusApp/Info.plist;
				IPHONEOS_DEPLOYMENT_TARGET = 14.0;
				LD_RUNPATH_SEARCH_PATHS = (
					"$(inherited)",
					"@executable_path/Frameworks",
				);
				PRODUCT_BUNDLE_IDENTIFIER = com.gewi.MapPlusApp;
				PRODUCT_NAME = "$(TARGET_NAME)";
				SWIFT_VERSION = 5.0;
				TARGETED_DEVICE_FAMILY = "1,2";
			};
			name = Release;
		};
/* End XCBuildConfiguration section */

/* Begin XCConfigurationList section */
		0670F7CA25EE75CE004F1DF0 /* Build configuration list for PBXProject "MapPlusApp" */ = {
			isa = XCConfigurationList;
			buildConfigurations = (
				0670F7DC25EE75CF004F1DF0 /* Debug */,
				0670F7DD25EE75CF004F1DF0 /* Release */,
			);
			defaultConfigurationIsVisible = 0;
			defaultConfigurationName = Release;
		};
		0670F7DE25EE75CF004F1DF0 /* Build configuration list for PBXNativeTarget "MapPlusApp" */ = {
			isa = XCConfigurationList;
			buildConfigurations = (
				0670F7DF25EE75CF004F1DF0 /* Debug */,
				0670F7E025EE75CF004F1DF0 /* Release */,
			);
			defaultConfigurationIsVisible = 0;
			defaultConfigurationName = Release;
		};
/* End XCConfigurationList section */

/* Begin XCRemoteSwiftPackageReference section */
		0666951725F8C1A2000202F6 /* XCRemoteSwiftPackageReference "MapTiles" */ = {
			isa = XCRemoteSwiftPackageReference;
			repositoryURL = "https://github.com/daeho-kim-gewi/MapTiles.git";
			requirement = {
				branch = main;
				kind = branch;
			};
		};
		0666951B25F8C7D8000202F6 /* XCRemoteSwiftPackageReference "GzipSwift" */ = {
			isa = XCRemoteSwiftPackageReference;
			repositoryURL = "https://github.com/1024jp/GzipSwift";
			requirement = {
				kind = upToNextMajorVersion;
				minimumVersion = 5.1.1;
			};
		};
/* End XCRemoteSwiftPackageReference section */

/* Begin XCSwiftPackageProductDependency section */
		0666951425F8C160000202F6 /* MapTiles */ = {
			isa = XCSwiftPackageProductDependency;
			productName = MapTiles;
		};
		0666951825F8C1A2000202F6 /* MapTiles */ = {
			isa = XCSwiftPackageProductDependency;
			package = 0666951725F8C1A2000202F6 /* XCRemoteSwiftPackageReference "MapTiles" */;
			productName = MapTiles;
		};
		0666951C25F8C7D8000202F6 /* Gzip */ = {
			isa = XCSwiftPackageProductDependency;
			package = 0666951B25F8C7D8000202F6 /* XCRemoteSwiftPackageReference "GzipSwift" */;
			productName = Gzip;
		};
/* End XCSwiftPackageProductDependency section */
	};
	rootObject = 0670F7C725EE75CE004F1DF0 /* Project object */;
}
